// !$*UTF8*$!
{
	archiveVersion = 1;
	classes = {
	};
	objectVersion = 56;
	objects = {

/* Begin PBXBuildFile section */
		83954EF22C82D612000D7492 /* PeerRankApp.swift in Sources */ = {isa = PBXBuildFile; fileRef = 83954EF12C82D612000D7492 /* PeerRankApp.swift */; };
		83954EF42C82D612000D7492 /* ContentView.swift in Sources */ = {isa = PBXBuildFile; fileRef = 83954EF32C82D612000D7492 /* ContentView.swift */; };
		83954EF62C82D614000D7492 /* Assets.xcassets in Resources */ = {isa = PBXBuildFile; fileRef = 83954EF52C82D614000D7492 /* Assets.xcassets */; };
		83954EF92C82D614000D7492 /* Preview Assets.xcassets in Resources */ = {isa = PBXBuildFile; fileRef = 83954EF82C82D614000D7492 /* Preview Assets.xcassets */; };
		83954F052C82D65B000D7492 /* PeerRankDataModel.xcdatamodeld in Sources */ = {isa = PBXBuildFile; fileRef = 83954F032C82D65B000D7492 /* PeerRankDataModel.xcdatamodeld */; };
		83954F082C82D8DD000D7492 /* PeerModel.swift in Sources */ = {isa = PBXBuildFile; fileRef = 83954F072C82D8DD000D7492 /* PeerModel.swift */; };
		83954F0A2C82DB13000D7492 /* PeerInstanceModel.swift in Sources */ = {isa = PBXBuildFile; fileRef = 83954F092C82DB13000D7492 /* PeerInstanceModel.swift */; };
		83954F0C2C82DBBE000D7492 /* Enums.swift in Sources */ = {isa = PBXBuildFile; fileRef = 83954F0B2C82DBBE000D7492 /* Enums.swift */; };
		83954F0E2C830CE3000D7492 /* CoreDataHandler.swift in Sources */ = {isa = PBXBuildFile; fileRef = 83954F0D2C830CE3000D7492 /* CoreDataHandler.swift */; };
		83954F102C830D2F000D7492 /* ContentFileViewModel.swift in Sources */ = {isa = PBXBuildFile; fileRef = 83954F0F2C830D2F000D7492 /* ContentFileViewModel.swift */; };
/* End PBXBuildFile section */

/* Begin PBXFileReference section */
		83954EEE2C82D612000D7492 /* PeerRank.app */ = {isa = PBXFileReference; explicitFileType = wrapper.application; includeInIndex = 0; path = PeerRank.app; sourceTree = BUILT_PRODUCTS_DIR; };
		83954EF12C82D612000D7492 /* PeerRankApp.swift */ = {isa = PBXFileReference; lastKnownFileType = sourcecode.swift; path = PeerRankApp.swift; sourceTree = "<group>"; };
		83954EF32C82D612000D7492 /* ContentView.swift */ = {isa = PBXFileReference; lastKnownFileType = sourcecode.swift; path = ContentView.swift; sourceTree = "<group>"; };
		83954EF52C82D614000D7492 /* Assets.xcassets */ = {isa = PBXFileReference; lastKnownFileType = folder.assetcatalog; path = Assets.xcassets; sourceTree = "<group>"; };
		83954EF82C82D614000D7492 /* Preview Assets.xcassets */ = {isa = PBXFileReference; lastKnownFileType = folder.assetcatalog; path = "Preview Assets.xcassets"; sourceTree = "<group>"; };
		83954F042C82D65B000D7492 /* PeerRankDataModel.xcdatamodel */ = {isa = PBXFileReference; lastKnownFileType = wrapper.xcdatamodel; path = PeerRankDataModel.xcdatamodel; sourceTree = "<group>"; };
		83954F072C82D8DD000D7492 /* PeerModel.swift */ = {isa = PBXFileReference; lastKnownFileType = sourcecode.swift; path = PeerModel.swift; sourceTree = "<group>"; };
		83954F092C82DB13000D7492 /* PeerInstanceModel.swift */ = {isa = PBXFileReference; lastKnownFileType = sourcecode.swift; path = PeerInstanceModel.swift; sourceTree = "<group>"; };
		83954F0B2C82DBBE000D7492 /* Enums.swift */ = {isa = PBXFileReference; lastKnownFileType = sourcecode.swift; path = Enums.swift; sourceTree = "<group>"; };
		83954F0D2C830CE3000D7492 /* CoreDataHandler.swift */ = {isa = PBXFileReference; lastKnownFileType = sourcecode.swift; path = CoreDataHandler.swift; sourceTree = "<group>"; };
		83954F0F2C830D2F000D7492 /* ContentFileViewModel.swift */ = {isa = PBXFileReference; lastKnownFileType = sourcecode.swift; path = ContentFileViewModel.swift; sourceTree = "<group>"; };
/* End PBXFileReference section */

/* Begin PBXFrameworksBuildPhase section */
		83954EEB2C82D612000D7492 /* Frameworks */ = {
			isa = PBXFrameworksBuildPhase;
			buildActionMask = 2147483647;
			files = (
			);
			runOnlyForDeploymentPostprocessing = 0;
		};
/* End PBXFrameworksBuildPhase section */

/* Begin PBXGroup section */
		83954EE52C82D612000D7492 = {
			isa = PBXGroup;
			children = (
				83954EF02C82D612000D7492 /* PeerRank */,
				83954EEF2C82D612000D7492 /* Products */,
			);
			sourceTree = "<group>";
		};
		83954EEF2C82D612000D7492 /* Products */ = {
			isa = PBXGroup;
			children = (
				83954EEE2C82D612000D7492 /* PeerRank.app */,
			);
			name = Products;
			sourceTree = "<group>";
		};
		83954EF02C82D612000D7492 /* PeerRank */ = {
			isa = PBXGroup;
			children = (
				83954F062C82D88F000D7492 /* Model */,
				83954F022C82D637000D7492 /* Utilities */,
				83954F012C82D62E000D7492 /* DataSource */,
				83954F002C82D624000D7492 /* ViewModel */,
				83954EFF2C82D618000D7492 /* View */,
				83954EF12C82D612000D7492 /* PeerRankApp.swift */,
				83954EF52C82D614000D7492 /* Assets.xcassets */,
				83954EF72C82D614000D7492 /* Preview Content */,
			);
			path = PeerRank;
			sourceTree = "<group>";
		};
		83954EF72C82D614000D7492 /* Preview Content */ = {
			isa = PBXGroup;
			children = (
				83954EF82C82D614000D7492 /* Preview Assets.xcassets */,
			);
			path = "Preview Content";
			sourceTree = "<group>";
		};
		83954EFF2C82D618000D7492 /* View */ = {
			isa = PBXGroup;
			children = (
				83954EF32C82D612000D7492 /* ContentView.swift */,
			);
			path = View;
			sourceTree = "<group>";
		};
		83954F002C82D624000D7492 /* ViewModel */ = {
			isa = PBXGroup;
			children = (
				83954F0F2C830D2F000D7492 /* ContentFileViewModel.swift */,
			);
			path = ViewModel;
			sourceTree = "<group>";
		};
		83954F012C82D62E000D7492 /* DataSource */ = {
			isa = PBXGroup;
			children = (
				83954F032C82D65B000D7492 /* PeerRankDataModel.xcdatamodeld */,
			);
			path = DataSource;
			sourceTree = "<group>";
		};
		83954F022C82D637000D7492 /* Utilities */ = {
			isa = PBXGroup;
			children = (
				83954F0B2C82DBBE000D7492 /* Enums.swift */,
				83954F0D2C830CE3000D7492 /* CoreDataHandler.swift */,
			);
			path = Utilities;
			sourceTree = "<group>";
		};
		83954F062C82D88F000D7492 /* Model */ = {
			isa = PBXGroup;
			children = (
				83954F072C82D8DD000D7492 /* PeerModel.swift */,
				83954F092C82DB13000D7492 /* PeerInstanceModel.swift */,
			);
			path = Model;
			sourceTree = "<group>";
		};
/* End PBXGroup section */

/* Begin PBXNativeTarget section */
		83954EED2C82D612000D7492 /* PeerRank */ = {
			isa = PBXNativeTarget;
			buildConfigurationList = 83954EFC2C82D614000D7492 /* Build configuration list for PBXNativeTarget "PeerRank" */;
			buildPhases = (
				83954EEA2C82D612000D7492 /* Sources */,
				83954EEB2C82D612000D7492 /* Frameworks */,
				83954EEC2C82D612000D7492 /* Resources */,
			);
			buildRules = (
			);
			dependencies = (
			);
			name = PeerRank;
			productName = PeerRank;
			productReference = 83954EEE2C82D612000D7492 /* PeerRank.app */;
			productType = "com.apple.product-type.application";
		};
/* End PBXNativeTarget section */

/* Begin PBXProject section */
		83954EE62C82D612000D7492 /* Project object */ = {
			isa = PBXProject;
			attributes = {
				BuildIndependentTargetsInParallel = 1;
				LastSwiftUpdateCheck = 1540;
				LastUpgradeCheck = 1540;
				TargetAttributes = {
					83954EED2C82D612000D7492 = {
						CreatedOnToolsVersion = 15.4;
					};
				};
			};
			buildConfigurationList = 83954EE92C82D612000D7492 /* Build configuration list for PBXProject "PeerRank" */;
			compatibilityVersion = "Xcode 14.0";
			developmentRegion = en;
			hasScannedForEncodings = 0;
			knownRegions = (
				en,
				Base,
			);
			mainGroup = 83954EE52C82D612000D7492;
			productRefGroup = 83954EEF2C82D612000D7492 /* Products */;
			projectDirPath = "";
			projectRoot = "";
			targets = (
				83954EED2C82D612000D7492 /* PeerRank */,
			);
		};
/* End PBXProject section */

/* Begin PBXResourcesBuildPhase section */
		83954EEC2C82D612000D7492 /* Resources */ = {
			isa = PBXResourcesBuildPhase;
			buildActionMask = 2147483647;
			files = (
				83954EF92C82D614000D7492 /* Preview Assets.xcassets in Resources */,
				83954EF62C82D614000D7492 /* Assets.xcassets in Resources */,
			);
			runOnlyForDeploymentPostprocessing = 0;
		};
/* End PBXResourcesBuildPhase section */

/* Begin PBXSourcesBuildPhase section */
		83954EEA2C82D612000D7492 /* Sources */ = {
			isa = PBXSourcesBuildPhase;
			buildActionMask = 2147483647;
			files = (
				83954F0E2C830CE3000D7492 /* CoreDataHandler.swift in Sources */,
				83954F052C82D65B000D7492 /* PeerRankDataModel.xcdatamodeld in Sources */,
				83954EF42C82D612000D7492 /* ContentView.swift in Sources */,
				83954F0A2C82DB13000D7492 /* PeerInstanceModel.swift in Sources */,
				83954F102C830D2F000D7492 /* ContentFileViewModel.swift in Sources */,
				83954EF22C82D612000D7492 /* PeerRankApp.swift in Sources */,
				83954F0C2C82DBBE000D7492 /* Enums.swift in Sources */,
				83954F082C82D8DD000D7492 /* PeerModel.swift in Sources */,
			);
			runOnlyForDeploymentPostprocessing = 0;
		};
/* End PBXSourcesBuildPhase section */

/* Begin XCBuildConfiguration section */
		83954EFA2C82D614000D7492 /* Debug */ = {
			isa = XCBuildConfiguration;
			buildSettings = {
				ALWAYS_SEARCH_USER_PATHS = NO;
				ASSETCATALOG_COMPILER_GENERATE_SWIFT_ASSET_SYMBOL_EXTENSIONS = YES;
				CLANG_ANALYZER_NONNULL = YES;
				CLANG_ANALYZER_NUMBER_OBJECT_CONVERSION = YES_AGGRESSIVE;
				CLANG_CXX_LANGUAGE_STANDARD = "gnu++20";
				CLANG_ENABLE_MODULES = YES;
				CLANG_ENABLE_OBJC_ARC = YES;
				CLANG_ENABLE_OBJC_WEAK = YES;
				CLANG_WARN_BLOCK_CAPTURE_AUTORELEASING = YES;
				CLANG_WARN_BOOL_CONVERSION = YES;
				CLANG_WARN_COMMA = YES;
				CLANG_WARN_CONSTANT_CONVERSION = YES;
				CLANG_WARN_DEPRECATED_OBJC_IMPLEMENTATIONS = YES;
				CLANG_WARN_DIRECT_OBJC_ISA_USAGE = YES_ERROR;
				CLANG_WARN_DOCUMENTATION_COMMENTS = YES;
				CLANG_WARN_EMPTY_BODY = YES;
				CLANG_WARN_ENUM_CONVERSION = YES;
				CLANG_WARN_INFINITE_RECURSION = YES;
				CLANG_WARN_INT_CONVERSION = YES;
				CLANG_WARN_NON_LITERAL_NULL_CONVERSION = YES;
				CLANG_WARN_OBJC_IMPLICIT_RETAIN_SELF = YES;
				CLANG_WARN_OBJC_LITERAL_CONVERSION = YES;
				CLANG_WARN_OBJC_ROOT_CLASS = YES_ERROR;
				CLANG_WARN_QUOTED_INCLUDE_IN_FRAMEWORK_HEADER = YES;
				CLANG_WARN_RANGE_LOOP_ANALYSIS = YES;
				CLANG_WARN_STRICT_PROTOTYPES = YES;
				CLANG_WARN_SUSPICIOUS_MOVE = YES;
				CLANG_WARN_UNGUARDED_AVAILABILITY = YES_AGGRESSIVE;
				CLANG_WARN_UNREACHABLE_CODE = YES;
				CLANG_WARN__DUPLICATE_METHOD_MATCH = YES;
				COPY_PHASE_STRIP = NO;
				DEBUG_INFORMATION_FORMAT = dwarf;
				ENABLE_STRICT_OBJC_MSGSEND = YES;
				ENABLE_TESTABILITY = YES;
				ENABLE_USER_SCRIPT_SANDBOXING = YES;
				GCC_C_LANGUAGE_STANDARD = gnu17;
				GCC_DYNAMIC_NO_PIC = NO;
				GCC_NO_COMMON_BLOCKS = YES;
				GCC_OPTIMIZATION_LEVEL = 0;
				GCC_PREPROCESSOR_DEFINITIONS = (
					"DEBUG=1",
					"$(inherited)",
				);
				GCC_WARN_64_TO_32_BIT_CONVERSION = YES;
				GCC_WARN_ABOUT_RETURN_TYPE = YES_ERROR;
				GCC_WARN_UNDECLARED_SELECTOR = YES;
				GCC_WARN_UNINITIALIZED_AUTOS = YES_AGGRESSIVE;
				GCC_WARN_UNUSED_FUNCTION = YES;
				GCC_WARN_UNUSED_VARIABLE = YES;
				IPHONEOS_DEPLOYMENT_TARGET = 17.5;
				LOCALIZATION_PREFERS_STRING_CATALOGS = YES;
				MTL_ENABLE_DEBUG_INFO = INCLUDE_SOURCE;
				MTL_FAST_MATH = YES;
				ONLY_ACTIVE_ARCH = YES;
				SDKROOT = iphoneos;
				SWIFT_ACTIVE_COMPILATION_CONDITIONS = "DEBUG $(inherited)";
				SWIFT_OPTIMIZATION_LEVEL = "-Onone";
			};
			name = Debug;
		};
		83954EFB2C82D614000D7492 /* Release */ = {
			isa = XCBuildConfiguration;
			buildSettings = {
				ALWAYS_SEARCH_USER_PATHS = NO;
				ASSETCATALOG_COMPILER_GENERATE_SWIFT_ASSET_SYMBOL_EXTENSIONS = YES;
				CLANG_ANALYZER_NONNULL = YES;
				CLANG_ANALYZER_NUMBER_OBJECT_CONVERSION = YES_AGGRESSIVE;
				CLANG_CXX_LANGUAGE_STANDARD = "gnu++20";
				CLANG_ENABLE_MODULES = YES;
				CLANG_ENABLE_OBJC_ARC = YES;
				CLANG_ENABLE_OBJC_WEAK = YES;
				CLANG_WARN_BLOCK_CAPTURE_AUTORELEASING = YES;
				CLANG_WARN_BOOL_CONVERSION = YES;
				CLANG_WARN_COMMA = YES;
				CLANG_WARN_CONSTANT_CONVERSION = YES;
				CLANG_WARN_DEPRECATED_OBJC_IMPLEMENTATIONS = YES;
				CLANG_WARN_DIRECT_OBJC_ISA_USAGE = YES_ERROR;
				CLANG_WARN_DOCUMENTATION_COMMENTS = YES;
				CLANG_WARN_EMPTY_BODY = YES;
				CLANG_WARN_ENUM_CONVERSION = YES;
				CLANG_WARN_INFINITE_RECURSION = YES;
				CLANG_WARN_INT_CONVERSION = YES;
				CLANG_WARN_NON_LITERAL_NULL_CONVERSION = YES;
				CLANG_WARN_OBJC_IMPLICIT_RETAIN_SELF = YES;
				CLANG_WARN_OBJC_LITERAL_CONVERSION = YES;
				CLANG_WARN_OBJC_ROOT_CLASS = YES_ERROR;
				CLANG_WARN_QUOTED_INCLUDE_IN_FRAMEWORK_HEADER = YES;
				CLANG_WARN_RANGE_LOOP_ANALYSIS = YES;
				CLANG_WARN_STRICT_PROTOTYPES = YES;
				CLANG_WARN_SUSPICIOUS_MOVE = YES;
				CLANG_WARN_UNGUARDED_AVAILABILITY = YES_AGGRESSIVE;
				CLANG_WARN_UNREACHABLE_CODE = YES;
				CLANG_WARN__DUPLICATE_METHOD_MATCH = YES;
				COPY_PHASE_STRIP = NO;
				DEBUG_INFORMATION_FORMAT = "dwarf-with-dsym";
				ENABLE_NS_ASSERTIONS = NO;
				ENABLE_STRICT_OBJC_MSGSEND = YES;
				ENABLE_USER_SCRIPT_SANDBOXING = YES;
				GCC_C_LANGUAGE_STANDARD = gnu17;
				GCC_NO_COMMON_BLOCKS = YES;
				GCC_WARN_64_TO_32_BIT_CONVERSION = YES;
				GCC_WARN_ABOUT_RETURN_TYPE = YES_ERROR;
				GCC_WARN_UNDECLARED_SELECTOR = YES;
				GCC_WARN_UNINITIALIZED_AUTOS = YES_AGGRESSIVE;
				GCC_WARN_UNUSED_FUNCTION = YES;
				GCC_WARN_UNUSED_VARIABLE = YES;
				IPHONEOS_DEPLOYMENT_TARGET = 17.5;
				LOCALIZATION_PREFERS_STRING_CATALOGS = YES;
				MTL_ENABLE_DEBUG_INFO = NO;
				MTL_FAST_MATH = YES;
				SDKROOT = iphoneos;
				SWIFT_COMPILATION_MODE = wholemodule;
				VALIDATE_PRODUCT = YES;
			};
			name = Release;
		};
		83954EFD2C82D614000D7492 /* Debug */ = {
			isa = XCBuildConfiguration;
			buildSettings = {
				ASSETCATALOG_COMPILER_APPICON_NAME = AppIcon;
				ASSETCATALOG_COMPILER_GLOBAL_ACCENT_COLOR_NAME = AccentColor;
				CODE_SIGN_STYLE = Automatic;
				CURRENT_PROJECT_VERSION = 1;
				DEVELOPMENT_ASSET_PATHS = "\"PeerRank/Preview Content\"";
				DEVELOPMENT_TEAM = 53U5W2PJ2Z;
				ENABLE_PREVIEWS = YES;
				GENERATE_INFOPLIST_FILE = YES;
				INFOPLIST_KEY_UIApplicationSceneManifest_Generation = YES;
				INFOPLIST_KEY_UIApplicationSupportsIndirectInputEvents = YES;
				INFOPLIST_KEY_UILaunchScreen_Generation = YES;
				INFOPLIST_KEY_UISupportedInterfaceOrientations_iPad = "UIInterfaceOrientationPortrait UIInterfaceOrientationPortraitUpsideDown UIInterfaceOrientationLandscapeLeft UIInterfaceOrientationLandscapeRight";
				INFOPLIST_KEY_UISupportedInterfaceOrientations_iPhone = "UIInterfaceOrientationPortrait UIInterfaceOrientationLandscapeLeft UIInterfaceOrientationLandscapeRight";
				LD_RUNPATH_SEARCH_PATHS = (
					"$(inherited)",
					"@executable_path/Frameworks",
				);
				MARKETING_VERSION = 1.0;
				PRODUCT_BUNDLE_IDENTIFIER = com.ratRaceParticipant.PeerRank;
				PRODUCT_NAME = "$(TARGET_NAME)";
				SWIFT_EMIT_LOC_STRINGS = YES;
				SWIFT_VERSION = 5.0;
				TARGETED_DEVICE_FAMILY = "1,2";
			};
			name = Debug;
		};
		83954EFE2C82D614000D7492 /* Release */ = {
			isa = XCBuildConfiguration;
			buildSettings = {
				ASSETCATALOG_COMPILER_APPICON_NAME = AppIcon;
				ASSETCATALOG_COMPILER_GLOBAL_ACCENT_COLOR_NAME = AccentColor;
				CODE_SIGN_STYLE = Automatic;
				CURRENT_PROJECT_VERSION = 1;
				DEVELOPMENT_ASSET_PATHS = "\"PeerRank/Preview Content\"";
				DEVELOPMENT_TEAM = 53U5W2PJ2Z;
				ENABLE_PREVIEWS = YES;
				GENERATE_INFOPLIST_FILE = YES;
				INFOPLIST_KEY_UIApplicationSceneManifest_Generation = YES;
				INFOPLIST_KEY_UIApplicationSupportsIndirectInputEvents = YES;
				INFOPLIST_KEY_UILaunchScreen_Generation = YES;
				INFOPLIST_KEY_UISupportedInterfaceOrientations_iPad = "UIInterfaceOrientationPortrait UIInterfaceOrientationPortraitUpsideDown UIInterfaceOrientationLandscapeLeft UIInterfaceOrientationLandscapeRight";
				INFOPLIST_KEY_UISupportedInterfaceOrientations_iPhone = "UIInterfaceOrientationPortrait UIInterfaceOrientationLandscapeLeft UIInterfaceOrientationLandscapeRight";
				LD_RUNPATH_SEARCH_PATHS = (
					"$(inherited)",
					"@executable_path/Frameworks",
				);
				MARKETING_VERSION = 1.0;
				PRODUCT_BUNDLE_IDENTIFIER = com.ratRaceParticipant.PeerRank;
				PRODUCT_NAME = "$(TARGET_NAME)";
				SWIFT_EMIT_LOC_STRINGS = YES;
				SWIFT_VERSION = 5.0;
				TARGETED_DEVICE_FAMILY = "1,2";
			};
			name = Release;
		};
/* End XCBuildConfiguration section */

/* Begin XCConfigurationList section */
		83954EE92C82D612000D7492 /* Build configuration list for PBXProject "PeerRank" */ = {
			isa = XCConfigurationList;
			buildConfigurations = (
				83954EFA2C82D614000D7492 /* Debug */,
				83954EFB2C82D614000D7492 /* Release */,
			);
			defaultConfigurationIsVisible = 0;
			defaultConfigurationName = Release;
		};
		83954EFC2C82D614000D7492 /* Build configuration list for PBXNativeTarget "PeerRank" */ = {
			isa = XCConfigurationList;
			buildConfigurations = (
				83954EFD2C82D614000D7492 /* Debug */,
				83954EFE2C82D614000D7492 /* Release */,
			);
			defaultConfigurationIsVisible = 0;
			defaultConfigurationName = Release;
		};
/* End XCConfigurationList section */

/* Begin XCVersionGroup section */
		83954F032C82D65B000D7492 /* PeerRankDataModel.xcdatamodeld */ = {
			isa = XCVersionGroup;
			children = (
				83954F042C82D65B000D7492 /* PeerRankDataModel.xcdatamodel */,
			);
			currentVersion = 83954F042C82D65B000D7492 /* PeerRankDataModel.xcdatamodel */;
			name = PeerRankDataModel.xcdatamodeld;
			path = /Users/himanshukaramchandani/Projects/PeerRank/PeerRank/DataSource/PeerRankDataModel.xcdatamodeld;
			sourceTree = "<group>";
			versionGroupType = wrapper.xcdatamodel;
		};
/* End XCVersionGroup section */
	};
	rootObject = 83954EE62C82D612000D7492 /* Project object */;
}
