// !$*UTF8*$!
{
	archiveVersion = 1;
	classes = {
	};
	objectVersion = 56;
	objects = {

/* Begin PBXBuildFile section */
		8306A14E2C95A0480062E14E /* PeerInstanceListView.swift in Sources */ = {isa = PBXBuildFile; fileRef = 8306A14D2C95A0480062E14E /* PeerInstanceListView.swift */; };
		8306A1502C95A18F0062E14E /* PeerInstanceListViewModel.swift in Sources */ = {isa = PBXBuildFile; fileRef = 8306A14F2C95A18F0062E14E /* PeerInstanceListViewModel.swift */; };
		8316B0D22CA7C34300D4511E /* HomeView.swift in Sources */ = {isa = PBXBuildFile; fileRef = 8316B0D12CA7C34300D4511E /* HomeView.swift */; };
		8316B0D42CA7C36900D4511E /* HomeViewModel.swift in Sources */ = {isa = PBXBuildFile; fileRef = 8316B0D32CA7C36900D4511E /* HomeViewModel.swift */; };
		8316B0D62CA7C40000D4511E /* PeerBannerView.swift in Sources */ = {isa = PBXBuildFile; fileRef = 8316B0D52CA7C40000D4511E /* PeerBannerView.swift */; };
		8316B0D82CA7C42F00D4511E /* PeerBannerViewModel.swift in Sources */ = {isa = PBXBuildFile; fileRef = 8316B0D72CA7C42F00D4511E /* PeerBannerViewModel.swift */; };
		8316B0DA2CA7DD3A00D4511E /* ParentView.swift in Sources */ = {isa = PBXBuildFile; fileRef = 8316B0D92CA7DD3A00D4511E /* ParentView.swift */; };
		8316B1042CA87EA100D4511E /* WidgetView.swift in Sources */ = {isa = PBXBuildFile; fileRef = 8316B1032CA87EA100D4511E /* WidgetView.swift */; };
		8316B1072CA969FC00D4511E /* PeerListView.swift in Sources */ = {isa = PBXBuildFile; fileRef = 8316B1062CA969FB00D4511E /* PeerListView.swift */; };
		8316B1092CA96A1600D4511E /* PeerListViewModel.swift in Sources */ = {isa = PBXBuildFile; fileRef = 8316B1082CA96A1600D4511E /* PeerListViewModel.swift */; };
		832351D82C8C0B8C008A7D1C /* EditPeerView.swift in Sources */ = {isa = PBXBuildFile; fileRef = 832351D72C8C0B8C008A7D1C /* EditPeerView.swift */; };
		832351DA2C8C0F41008A7D1C /* PeerPhotoView.swift in Sources */ = {isa = PBXBuildFile; fileRef = 832351D92C8C0F41008A7D1C /* PeerPhotoView.swift */; };
		832351DC2C8C0F9C008A7D1C /* PeerPhotoViewModel.swift in Sources */ = {isa = PBXBuildFile; fileRef = 832351DB2C8C0F9C008A7D1C /* PeerPhotoViewModel.swift */; };
		832351DE2C8C3D3A008A7D1C /* RatingView.swift in Sources */ = {isa = PBXBuildFile; fileRef = 832351DD2C8C3D3A008A7D1C /* RatingView.swift */; };
		832351E02C8C3E92008A7D1C /* PeerTypePickerView.swift in Sources */ = {isa = PBXBuildFile; fileRef = 832351DF2C8C3E92008A7D1C /* PeerTypePickerView.swift */; };
		832351E22C8C6A34008A7D1C /* CommonViews.swift in Sources */ = {isa = PBXBuildFile; fileRef = 832351E12C8C6A34008A7D1C /* CommonViews.swift */; };
		832351E42C8C6B96008A7D1C /* EditPeerViewModel.swift in Sources */ = {isa = PBXBuildFile; fileRef = 832351E32C8C6B95008A7D1C /* EditPeerViewModel.swift */; };
		832351E62C8C6E99008A7D1C /* ViewModifiers.swift in Sources */ = {isa = PBXBuildFile; fileRef = 832351E52C8C6E99008A7D1C /* ViewModifiers.swift */; };
		832351E82C8C7045008A7D1C /* Constants.swift in Sources */ = {isa = PBXBuildFile; fileRef = 832351E72C8C7045008A7D1C /* Constants.swift */; };
		832351EA2C8C7885008A7D1C /* RatingWeightageView.swift in Sources */ = {isa = PBXBuildFile; fileRef = 832351E92C8C7885008A7D1C /* RatingWeightageView.swift */; };
		832351EC2C8C8CF0008A7D1C /* IconWithPopoverView.swift in Sources */ = {isa = PBXBuildFile; fileRef = 832351EB2C8C8CF0008A7D1C /* IconWithPopoverView.swift */; };
		832351EE2C8CA576008A7D1C /* PeerListItemView.swift in Sources */ = {isa = PBXBuildFile; fileRef = 832351ED2C8CA576008A7D1C /* PeerListItemView.swift */; };
		832351F02C8CB152008A7D1C /* PeerTabView.swift in Sources */ = {isa = PBXBuildFile; fileRef = 832351EF2C8CB152008A7D1C /* PeerTabView.swift */; };
		832351F22C8D7D7D008A7D1C /* LocalFileManager.swift in Sources */ = {isa = PBXBuildFile; fileRef = 832351F12C8D7D7D008A7D1C /* LocalFileManager.swift */; };
		832351F42C8D8196008A7D1C /* PeerDetailView.swift in Sources */ = {isa = PBXBuildFile; fileRef = 832351F32C8D8196008A7D1C /* PeerDetailView.swift */; };
		832351F62C8D8248008A7D1C /* PeerDetailViewModel.swift in Sources */ = {isa = PBXBuildFile; fileRef = 832351F52C8D8248008A7D1C /* PeerDetailViewModel.swift */; };
		832351F82C8DC9DC008A7D1C /* PeerListItemViewModel.swift in Sources */ = {isa = PBXBuildFile; fileRef = 832351F72C8DC9DC008A7D1C /* PeerListItemViewModel.swift */; };
		832351FA2C8DCD18008A7D1C /* PeerTabViewModel.swift in Sources */ = {isa = PBXBuildFile; fileRef = 832351F92C8DCD18008A7D1C /* PeerTabViewModel.swift */; };
		834254E02CB11D9E00A696B2 /* Toggleview.swift in Sources */ = {isa = PBXBuildFile; fileRef = 834254DF2CB11D9E00A696B2 /* Toggleview.swift */; };
		834254E22CB17B1300A696B2 /* PeerRankLaunchScreen.storyboard in Resources */ = {isa = PBXBuildFile; fileRef = 834254E12CB17B1300A696B2 /* PeerRankLaunchScreen.storyboard */; };
		83790B2C2CDB7BAC00C1C475 /* RatedPeerModel.swift in Sources */ = {isa = PBXBuildFile; fileRef = 83790B2B2CDB7BAB00C1C475 /* RatedPeerModel.swift */; };
		83790B2E2CDD026700C1C475 /* WarningTextView.swift in Sources */ = {isa = PBXBuildFile; fileRef = 83790B2D2CDD026700C1C475 /* WarningTextView.swift */; };
		837ED01F2CBA348400A6F0AE /* SettingsView.swift in Sources */ = {isa = PBXBuildFile; fileRef = 837ED01E2CBA348400A6F0AE /* SettingsView.swift */; };
		837ED0212CBA36E300A6F0AE /* SettingViewModel.swift in Sources */ = {isa = PBXBuildFile; fileRef = 837ED0202CBA36E300A6F0AE /* SettingViewModel.swift */; };
		837ED03D2CBA608F00A6F0AE /* CustomShareSheetView.swift in Sources */ = {isa = PBXBuildFile; fileRef = 837ED03C2CBA608F00A6F0AE /* CustomShareSheetView.swift */; };
		837ED03F2CBAA77100A6F0AE /* PopupView.swift in Sources */ = {isa = PBXBuildFile; fileRef = 837ED03E2CBAA77100A6F0AE /* PopupView.swift */; };
		837ED0412CBAB5FE00A6F0AE /* CircleDesignView.swift in Sources */ = {isa = PBXBuildFile; fileRef = 837ED0402CBAB5FE00A6F0AE /* CircleDesignView.swift */; };
		838A38912C95DDEF00BE0381 /* EditPeerInstanceView.swift in Sources */ = {isa = PBXBuildFile; fileRef = 838A38902C95DDEF00BE0381 /* EditPeerInstanceView.swift */; };
		838A38932C95E1C700BE0381 /* EditPeerInstanceViewModel.swift in Sources */ = {isa = PBXBuildFile; fileRef = 838A38922C95E1C700BE0381 /* EditPeerInstanceViewModel.swift */; };
		839052352CCBD59900DCEE3B /* CloudKitHandler.swift in Sources */ = {isa = PBXBuildFile; fileRef = 839052342CCBD59900DCEE3B /* CloudKitHandler.swift */; };
		839052372CCBD6D700DCEE3B /* UserConfigModel.swift in Sources */ = {isa = PBXBuildFile; fileRef = 839052362CCBD6D700DCEE3B /* UserConfigModel.swift */; };
		839052392CCD26DD00DCEE3B /* RegisterAccountView.swift in Sources */ = {isa = PBXBuildFile; fileRef = 839052382CCD26DD00DCEE3B /* RegisterAccountView.swift */; };
		8390523B2CCD271F00DCEE3B /* RegisterAccountViewModel.swift in Sources */ = {isa = PBXBuildFile; fileRef = 8390523A2CCD271F00DCEE3B /* RegisterAccountViewModel.swift */; };
		8390523D2CD00CDE00DCEE3B /* PeerSelectorView.swift in Sources */ = {isa = PBXBuildFile; fileRef = 8390523C2CD00CDE00DCEE3B /* PeerSelectorView.swift */; };
		8390523F2CD2B42700DCEE3B /* PeerSelectorViewModel.swift in Sources */ = {isa = PBXBuildFile; fileRef = 8390523E2CD2B42700DCEE3B /* PeerSelectorViewModel.swift */; };
		83954EF22C82D612000D7492 /* PeerRankApp.swift in Sources */ = {isa = PBXBuildFile; fileRef = 83954EF12C82D612000D7492 /* PeerRankApp.swift */; };
		83954EF42C82D612000D7492 /* ContentView.swift in Sources */ = {isa = PBXBuildFile; fileRef = 83954EF32C82D612000D7492 /* ContentView.swift */; };
		83954EF62C82D614000D7492 /* Assets.xcassets in Resources */ = {isa = PBXBuildFile; fileRef = 83954EF52C82D614000D7492 /* Assets.xcassets */; };
		83954EF92C82D614000D7492 /* Preview Assets.xcassets in Resources */ = {isa = PBXBuildFile; fileRef = 83954EF82C82D614000D7492 /* Preview Assets.xcassets */; };
		83954F052C82D65B000D7492 /* PeerRankDataModel.xcdatamodeld in Sources */ = {isa = PBXBuildFile; fileRef = 83954F032C82D65B000D7492 /* PeerRankDataModel.xcdatamodeld */; };
		83954F082C82D8DD000D7492 /* PeerModel.swift in Sources */ = {isa = PBXBuildFile; fileRef = 83954F072C82D8DD000D7492 /* PeerModel.swift */; };
		83954F0A2C82DB13000D7492 /* PeerInstanceModel.swift in Sources */ = {isa = PBXBuildFile; fileRef = 83954F092C82DB13000D7492 /* PeerInstanceModel.swift */; };
		83954F0C2C82DBBE000D7492 /* Enums.swift in Sources */ = {isa = PBXBuildFile; fileRef = 83954F0B2C82DBBE000D7492 /* Enums.swift */; };
		83954F0E2C830CE3000D7492 /* CoreDataHandler.swift in Sources */ = {isa = PBXBuildFile; fileRef = 83954F0D2C830CE3000D7492 /* CoreDataHandler.swift */; };
		83954F102C830D2F000D7492 /* ContentFileViewModel.swift in Sources */ = {isa = PBXBuildFile; fileRef = 83954F0F2C830D2F000D7492 /* ContentFileViewModel.swift */; };
		83CB1C252CBC2D9100EB5E0C /* image.png in Resources */ = {isa = PBXBuildFile; fileRef = 83CB1C242CBC2D9100EB5E0C /* image.png */; };
		83E2B5BE2CA030DE00928672 /* CommonFunctions.swift in Sources */ = {isa = PBXBuildFile; fileRef = 83E2B5BD2CA030DE00928672 /* CommonFunctions.swift */; };
		83F26A6D2CAB1E85003933FF /* SwiftUICharts in Frameworks */ = {isa = PBXBuildFile; productRef = 83F26A6C2CAB1E85003933FF /* SwiftUICharts */; };
		83F26A702CAD2538003933FF /* DataUnavailableView.swift in Sources */ = {isa = PBXBuildFile; fileRef = 83F26A6F2CAD2538003933FF /* DataUnavailableView.swift */; };
		83F26A762CAE7CF6003933FF /* AddPeerView.swift in Sources */ = {isa = PBXBuildFile; fileRef = 83F26A752CAE7CF6003933FF /* AddPeerView.swift */; };
		83F26A7A2CAE8019003933FF /* ParentViewModel.swift in Sources */ = {isa = PBXBuildFile; fileRef = 83F26A792CAE8019003933FF /* ParentViewModel.swift */; };
		83F773462CAAF35B0010ABFE /* PeerInstancesChartView.swift in Sources */ = {isa = PBXBuildFile; fileRef = 83F773452CAAF35B0010ABFE /* PeerInstancesChartView.swift */; };
		83F7734A2CAAF6030010ABFE /* PeerInstancesChartViewModel.swift in Sources */ = {isa = PBXBuildFile; fileRef = 83F773492CAAF6030010ABFE /* PeerInstancesChartViewModel.swift */; };
/* End PBXBuildFile section */

/* Begin PBXCopyFilesBuildPhase section */
		8316B0F42CA8572B00D4511E /* Embed Foundation Extensions */ = {
			isa = PBXCopyFilesBuildPhase;
			buildActionMask = 2147483647;
			dstPath = "";
			dstSubfolderSpec = 13;
			files = (
			);
			name = "Embed Foundation Extensions";
			runOnlyForDeploymentPostprocessing = 0;
		};
/* End PBXCopyFilesBuildPhase section */

/* Begin PBXFileReference section */
		8306A14D2C95A0480062E14E /* PeerInstanceListView.swift */ = {isa = PBXFileReference; lastKnownFileType = sourcecode.swift; path = PeerInstanceListView.swift; sourceTree = "<group>"; };
		8306A14F2C95A18F0062E14E /* PeerInstanceListViewModel.swift */ = {isa = PBXFileReference; lastKnownFileType = sourcecode.swift; path = PeerInstanceListViewModel.swift; sourceTree = "<group>"; };
		8308DEA72CBC188D0012D825 /* Info.plist */ = {isa = PBXFileReference; lastKnownFileType = text.plist; path = Info.plist; sourceTree = "<group>"; };
		8316B0D12CA7C34300D4511E /* HomeView.swift */ = {isa = PBXFileReference; lastKnownFileType = sourcecode.swift; path = HomeView.swift; sourceTree = "<group>"; };
		8316B0D32CA7C36900D4511E /* HomeViewModel.swift */ = {isa = PBXFileReference; lastKnownFileType = sourcecode.swift; path = HomeViewModel.swift; sourceTree = "<group>"; };
		8316B0D52CA7C40000D4511E /* PeerBannerView.swift */ = {isa = PBXFileReference; lastKnownFileType = sourcecode.swift; path = PeerBannerView.swift; sourceTree = "<group>"; };
		8316B0D72CA7C42F00D4511E /* PeerBannerViewModel.swift */ = {isa = PBXFileReference; lastKnownFileType = sourcecode.swift; path = PeerBannerViewModel.swift; sourceTree = "<group>"; };
		8316B0D92CA7DD3A00D4511E /* ParentView.swift */ = {isa = PBXFileReference; lastKnownFileType = sourcecode.swift; path = ParentView.swift; sourceTree = "<group>"; };
		8316B0E12CA8572900D4511E /* WidgetKit.framework */ = {isa = PBXFileReference; lastKnownFileType = wrapper.framework; name = WidgetKit.framework; path = System/Library/Frameworks/WidgetKit.framework; sourceTree = SDKROOT; };
		8316B0E32CA8572900D4511E /* SwiftUI.framework */ = {isa = PBXFileReference; lastKnownFileType = wrapper.framework; name = SwiftUI.framework; path = System/Library/Frameworks/SwiftUI.framework; sourceTree = SDKROOT; };
		8316B0E62CA8572900D4511E /* PeerRankWidgetBundle.swift */ = {isa = PBXFileReference; lastKnownFileType = sourcecode.swift; path = PeerRankWidgetBundle.swift; sourceTree = "<group>"; };
		8316B0E82CA8572900D4511E /* PeerRankWidgetLiveActivity.swift */ = {isa = PBXFileReference; lastKnownFileType = sourcecode.swift; path = PeerRankWidgetLiveActivity.swift; sourceTree = "<group>"; };
		8316B0EA2CA8572900D4511E /* PeerRankWidget.swift */ = {isa = PBXFileReference; lastKnownFileType = sourcecode.swift; path = PeerRankWidget.swift; sourceTree = "<group>"; };
		8316B0EC2CA8572900D4511E /* AppIntent.swift */ = {isa = PBXFileReference; lastKnownFileType = sourcecode.swift; path = AppIntent.swift; sourceTree = "<group>"; };
		8316B0EE2CA8572B00D4511E /* Assets.xcassets */ = {isa = PBXFileReference; lastKnownFileType = folder.assetcatalog; path = Assets.xcassets; sourceTree = "<group>"; };
		8316B0F02CA8572B00D4511E /* Info.plist */ = {isa = PBXFileReference; lastKnownFileType = text.plist.xml; path = Info.plist; sourceTree = "<group>"; };
		8316B0FA2CA8592300D4511E /* PeerRank.entitlements */ = {isa = PBXFileReference; lastKnownFileType = text.plist.entitlements; path = PeerRank.entitlements; sourceTree = "<group>"; };
		8316B0FB2CA8599E00D4511E /* PeerRankWidgetExtension.entitlements */ = {isa = PBXFileReference; lastKnownFileType = text.plist.entitlements; path = PeerRankWidgetExtension.entitlements; sourceTree = "<group>"; };
		8316B1032CA87EA100D4511E /* WidgetView.swift */ = {isa = PBXFileReference; lastKnownFileType = sourcecode.swift; path = WidgetView.swift; sourceTree = "<group>"; };
		8316B1062CA969FB00D4511E /* PeerListView.swift */ = {isa = PBXFileReference; lastKnownFileType = sourcecode.swift; path = PeerListView.swift; sourceTree = "<group>"; };
		8316B1082CA96A1600D4511E /* PeerListViewModel.swift */ = {isa = PBXFileReference; lastKnownFileType = sourcecode.swift; path = PeerListViewModel.swift; sourceTree = "<group>"; };
		832351D72C8C0B8C008A7D1C /* EditPeerView.swift */ = {isa = PBXFileReference; lastKnownFileType = sourcecode.swift; path = EditPeerView.swift; sourceTree = "<group>"; };
		832351D92C8C0F41008A7D1C /* PeerPhotoView.swift */ = {isa = PBXFileReference; lastKnownFileType = sourcecode.swift; path = PeerPhotoView.swift; sourceTree = "<group>"; };
		832351DB2C8C0F9C008A7D1C /* PeerPhotoViewModel.swift */ = {isa = PBXFileReference; lastKnownFileType = sourcecode.swift; path = PeerPhotoViewModel.swift; sourceTree = "<group>"; };
		832351DD2C8C3D3A008A7D1C /* RatingView.swift */ = {isa = PBXFileReference; lastKnownFileType = sourcecode.swift; path = RatingView.swift; sourceTree = "<group>"; };
		832351DF2C8C3E92008A7D1C /* PeerTypePickerView.swift */ = {isa = PBXFileReference; lastKnownFileType = sourcecode.swift; path = PeerTypePickerView.swift; sourceTree = "<group>"; };
		832351E12C8C6A34008A7D1C /* CommonViews.swift */ = {isa = PBXFileReference; lastKnownFileType = sourcecode.swift; path = CommonViews.swift; sourceTree = "<group>"; };
		832351E32C8C6B95008A7D1C /* EditPeerViewModel.swift */ = {isa = PBXFileReference; lastKnownFileType = sourcecode.swift; path = EditPeerViewModel.swift; sourceTree = "<group>"; };
		832351E52C8C6E99008A7D1C /* ViewModifiers.swift */ = {isa = PBXFileReference; lastKnownFileType = sourcecode.swift; path = ViewModifiers.swift; sourceTree = "<group>"; };
		832351E72C8C7045008A7D1C /* Constants.swift */ = {isa = PBXFileReference; lastKnownFileType = sourcecode.swift; path = Constants.swift; sourceTree = "<group>"; };
		832351E92C8C7885008A7D1C /* RatingWeightageView.swift */ = {isa = PBXFileReference; lastKnownFileType = sourcecode.swift; path = RatingWeightageView.swift; sourceTree = "<group>"; };
		832351EB2C8C8CF0008A7D1C /* IconWithPopoverView.swift */ = {isa = PBXFileReference; lastKnownFileType = sourcecode.swift; path = IconWithPopoverView.swift; sourceTree = "<group>"; };
		832351ED2C8CA576008A7D1C /* PeerListItemView.swift */ = {isa = PBXFileReference; lastKnownFileType = sourcecode.swift; path = PeerListItemView.swift; sourceTree = "<group>"; };
		832351EF2C8CB152008A7D1C /* PeerTabView.swift */ = {isa = PBXFileReference; lastKnownFileType = sourcecode.swift; path = PeerTabView.swift; sourceTree = "<group>"; };
		832351F12C8D7D7D008A7D1C /* LocalFileManager.swift */ = {isa = PBXFileReference; lastKnownFileType = sourcecode.swift; path = LocalFileManager.swift; sourceTree = "<group>"; };
		832351F32C8D8196008A7D1C /* PeerDetailView.swift */ = {isa = PBXFileReference; lastKnownFileType = sourcecode.swift; path = PeerDetailView.swift; sourceTree = "<group>"; };
		832351F52C8D8248008A7D1C /* PeerDetailViewModel.swift */ = {isa = PBXFileReference; lastKnownFileType = sourcecode.swift; path = PeerDetailViewModel.swift; sourceTree = "<group>"; };
		832351F72C8DC9DC008A7D1C /* PeerListItemViewModel.swift */ = {isa = PBXFileReference; lastKnownFileType = sourcecode.swift; path = PeerListItemViewModel.swift; sourceTree = "<group>"; };
		832351F92C8DCD18008A7D1C /* PeerTabViewModel.swift */ = {isa = PBXFileReference; lastKnownFileType = sourcecode.swift; path = PeerTabViewModel.swift; sourceTree = "<group>"; };
		834254DF2CB11D9E00A696B2 /* Toggleview.swift */ = {isa = PBXFileReference; lastKnownFileType = sourcecode.swift; path = Toggleview.swift; sourceTree = "<group>"; };
		834254E12CB17B1300A696B2 /* PeerRankLaunchScreen.storyboard */ = {isa = PBXFileReference; lastKnownFileType = file.storyboard; path = PeerRankLaunchScreen.storyboard; sourceTree = "<group>"; };
		83790B2B2CDB7BAB00C1C475 /* RatedPeerModel.swift */ = {isa = PBXFileReference; lastKnownFileType = sourcecode.swift; path = RatedPeerModel.swift; sourceTree = "<group>"; };
		83790B2D2CDD026700C1C475 /* WarningTextView.swift */ = {isa = PBXFileReference; lastKnownFileType = sourcecode.swift; path = WarningTextView.swift; sourceTree = "<group>"; };
		837ED01E2CBA348400A6F0AE /* SettingsView.swift */ = {isa = PBXFileReference; lastKnownFileType = sourcecode.swift; path = SettingsView.swift; sourceTree = "<group>"; };
		837ED0202CBA36E300A6F0AE /* SettingViewModel.swift */ = {isa = PBXFileReference; lastKnownFileType = sourcecode.swift; path = SettingViewModel.swift; sourceTree = "<group>"; };
		837ED03C2CBA608F00A6F0AE /* CustomShareSheetView.swift */ = {isa = PBXFileReference; lastKnownFileType = sourcecode.swift; path = CustomShareSheetView.swift; sourceTree = "<group>"; };
		837ED03E2CBAA77100A6F0AE /* PopupView.swift */ = {isa = PBXFileReference; lastKnownFileType = sourcecode.swift; path = PopupView.swift; sourceTree = "<group>"; };
		837ED0402CBAB5FE00A6F0AE /* CircleDesignView.swift */ = {isa = PBXFileReference; lastKnownFileType = sourcecode.swift; path = CircleDesignView.swift; sourceTree = "<group>"; };
		838A38902C95DDEF00BE0381 /* EditPeerInstanceView.swift */ = {isa = PBXFileReference; lastKnownFileType = sourcecode.swift; path = EditPeerInstanceView.swift; sourceTree = "<group>"; };
		838A38922C95E1C700BE0381 /* EditPeerInstanceViewModel.swift */ = {isa = PBXFileReference; lastKnownFileType = sourcecode.swift; path = EditPeerInstanceViewModel.swift; sourceTree = "<group>"; };
		839052342CCBD59900DCEE3B /* CloudKitHandler.swift */ = {isa = PBXFileReference; lastKnownFileType = sourcecode.swift; path = CloudKitHandler.swift; sourceTree = "<group>"; };
		839052362CCBD6D700DCEE3B /* UserConfigModel.swift */ = {isa = PBXFileReference; lastKnownFileType = sourcecode.swift; path = UserConfigModel.swift; sourceTree = "<group>"; };
		839052382CCD26DD00DCEE3B /* RegisterAccountView.swift */ = {isa = PBXFileReference; lastKnownFileType = sourcecode.swift; path = RegisterAccountView.swift; sourceTree = "<group>"; };
		8390523A2CCD271F00DCEE3B /* RegisterAccountViewModel.swift */ = {isa = PBXFileReference; lastKnownFileType = sourcecode.swift; path = RegisterAccountViewModel.swift; sourceTree = "<group>"; };
		8390523C2CD00CDE00DCEE3B /* PeerSelectorView.swift */ = {isa = PBXFileReference; lastKnownFileType = sourcecode.swift; path = PeerSelectorView.swift; sourceTree = "<group>"; };
		8390523E2CD2B42700DCEE3B /* PeerSelectorViewModel.swift */ = {isa = PBXFileReference; lastKnownFileType = sourcecode.swift; path = PeerSelectorViewModel.swift; sourceTree = "<group>"; };
		83954EEE2C82D612000D7492 /* PeerRank.app */ = {isa = PBXFileReference; explicitFileType = wrapper.application; includeInIndex = 0; path = PeerRank.app; sourceTree = BUILT_PRODUCTS_DIR; };
		83954EF12C82D612000D7492 /* PeerRankApp.swift */ = {isa = PBXFileReference; lastKnownFileType = sourcecode.swift; path = PeerRankApp.swift; sourceTree = "<group>"; };
		83954EF32C82D612000D7492 /* ContentView.swift */ = {isa = PBXFileReference; lastKnownFileType = sourcecode.swift; path = ContentView.swift; sourceTree = "<group>"; };
		83954EF52C82D614000D7492 /* Assets.xcassets */ = {isa = PBXFileReference; lastKnownFileType = folder.assetcatalog; path = Assets.xcassets; sourceTree = "<group>"; };
		83954EF82C82D614000D7492 /* Preview Assets.xcassets */ = {isa = PBXFileReference; lastKnownFileType = folder.assetcatalog; path = "Preview Assets.xcassets"; sourceTree = "<group>"; };
		83954F042C82D65B000D7492 /* PeerRankDataModel.xcdatamodel */ = {isa = PBXFileReference; lastKnownFileType = wrapper.xcdatamodel; path = PeerRankDataModel.xcdatamodel; sourceTree = "<group>"; };
		83954F072C82D8DD000D7492 /* PeerModel.swift */ = {isa = PBXFileReference; lastKnownFileType = sourcecode.swift; path = PeerModel.swift; sourceTree = "<group>"; };
		83954F092C82DB13000D7492 /* PeerInstanceModel.swift */ = {isa = PBXFileReference; lastKnownFileType = sourcecode.swift; path = PeerInstanceModel.swift; sourceTree = "<group>"; };
		83954F0B2C82DBBE000D7492 /* Enums.swift */ = {isa = PBXFileReference; lastKnownFileType = sourcecode.swift; path = Enums.swift; sourceTree = "<group>"; };
		83954F0D2C830CE3000D7492 /* CoreDataHandler.swift */ = {isa = PBXFileReference; lastKnownFileType = sourcecode.swift; path = CoreDataHandler.swift; sourceTree = "<group>"; };
		83954F0F2C830D2F000D7492 /* ContentFileViewModel.swift */ = {isa = PBXFileReference; lastKnownFileType = sourcecode.swift; path = ContentFileViewModel.swift; sourceTree = "<group>"; };
		83CB1C242CBC2D9100EB5E0C /* image.png */ = {isa = PBXFileReference; lastKnownFileType = image.png; path = image.png; sourceTree = "<group>"; };
		83E2B5BD2CA030DE00928672 /* CommonFunctions.swift */ = {isa = PBXFileReference; lastKnownFileType = sourcecode.swift; path = CommonFunctions.swift; sourceTree = "<group>"; };
		83F26A6F2CAD2538003933FF /* DataUnavailableView.swift */ = {isa = PBXFileReference; lastKnownFileType = sourcecode.swift; path = DataUnavailableView.swift; sourceTree = "<group>"; };
		83F26A752CAE7CF6003933FF /* AddPeerView.swift */ = {isa = PBXFileReference; lastKnownFileType = sourcecode.swift; path = AddPeerView.swift; sourceTree = "<group>"; };
		83F26A792CAE8019003933FF /* ParentViewModel.swift */ = {isa = PBXFileReference; lastKnownFileType = sourcecode.swift; path = ParentViewModel.swift; sourceTree = "<group>"; };
		83F773452CAAF35B0010ABFE /* PeerInstancesChartView.swift */ = {isa = PBXFileReference; lastKnownFileType = sourcecode.swift; path = PeerInstancesChartView.swift; sourceTree = "<group>"; };
		83F773492CAAF6030010ABFE /* PeerInstancesChartViewModel.swift */ = {isa = PBXFileReference; lastKnownFileType = sourcecode.swift; path = PeerInstancesChartViewModel.swift; sourceTree = "<group>"; };
/* End PBXFileReference section */

/* Begin PBXFrameworksBuildPhase section */
		83954EEB2C82D612000D7492 /* Frameworks */ = {
			isa = PBXFrameworksBuildPhase;
			buildActionMask = 2147483647;
			files = (
				83F26A6D2CAB1E85003933FF /* SwiftUICharts in Frameworks */,
			);
			runOnlyForDeploymentPostprocessing = 0;
		};
/* End PBXFrameworksBuildPhase section */

/* Begin PBXGroup section */
		8316B0E02CA8572900D4511E /* Frameworks */ = {
			isa = PBXGroup;
			children = (
				8316B0E12CA8572900D4511E /* WidgetKit.framework */,
				8316B0E32CA8572900D4511E /* SwiftUI.framework */,
			);
			name = Frameworks;
			sourceTree = "<group>";
		};
		8316B0E52CA8572900D4511E /* PeerRankWidget */ = {
			isa = PBXGroup;
			children = (
				8316B0E62CA8572900D4511E /* PeerRankWidgetBundle.swift */,
				8316B0E82CA8572900D4511E /* PeerRankWidgetLiveActivity.swift */,
				8316B0EA2CA8572900D4511E /* PeerRankWidget.swift */,
				8316B0EC2CA8572900D4511E /* AppIntent.swift */,
				8316B0EE2CA8572B00D4511E /* Assets.xcassets */,
				83CB1C242CBC2D9100EB5E0C /* image.png */,
				8316B0F02CA8572B00D4511E /* Info.plist */,
			);
			path = PeerRankWidget;
			sourceTree = "<group>";
		};
		8316B1022CA87E9200D4511E /* WidgetViews */ = {
			isa = PBXGroup;
			children = (
				8316B1032CA87EA100D4511E /* WidgetView.swift */,
			);
			path = WidgetViews;
			sourceTree = "<group>";
		};
		83954EE52C82D612000D7492 = {
			isa = PBXGroup;
			children = (
				8316B0FB2CA8599E00D4511E /* PeerRankWidgetExtension.entitlements */,
				83954EF02C82D612000D7492 /* PeerRank */,
				8316B0E52CA8572900D4511E /* PeerRankWidget */,
				8316B0E02CA8572900D4511E /* Frameworks */,
				83954EEF2C82D612000D7492 /* Products */,
			);
			sourceTree = "<group>";
		};
		83954EEF2C82D612000D7492 /* Products */ = {
			isa = PBXGroup;
			children = (
				83954EEE2C82D612000D7492 /* PeerRank.app */,
			);
			name = Products;
			sourceTree = "<group>";
		};
		83954EF02C82D612000D7492 /* PeerRank */ = {
			isa = PBXGroup;
			children = (
				8308DEA72CBC188D0012D825 /* Info.plist */,
				8316B0FA2CA8592300D4511E /* PeerRank.entitlements */,
				83954F062C82D88F000D7492 /* Model */,
				83954F022C82D637000D7492 /* Utilities */,
				83954F012C82D62E000D7492 /* DataSource */,
				83954F002C82D624000D7492 /* ViewModel */,
				83954EFF2C82D618000D7492 /* View */,
				83954EF12C82D612000D7492 /* PeerRankApp.swift */,
				83954EF52C82D614000D7492 /* Assets.xcassets */,
				834254E12CB17B1300A696B2 /* PeerRankLaunchScreen.storyboard */,
				83954EF72C82D614000D7492 /* Preview Content */,
			);
			path = PeerRank;
			sourceTree = "<group>";
		};
		83954EF72C82D614000D7492 /* Preview Content */ = {
			isa = PBXGroup;
			children = (
				83954EF82C82D614000D7492 /* Preview Assets.xcassets */,
			);
			path = "Preview Content";
			sourceTree = "<group>";
		};
		83954EFF2C82D618000D7492 /* View */ = {
			isa = PBXGroup;
			children = (
				8316B1022CA87E9200D4511E /* WidgetViews */,
				83954EF32C82D612000D7492 /* ContentView.swift */,
				832351D72C8C0B8C008A7D1C /* EditPeerView.swift */,
				832351D92C8C0F41008A7D1C /* PeerPhotoView.swift */,
				832351DD2C8C3D3A008A7D1C /* RatingView.swift */,
				832351DF2C8C3E92008A7D1C /* PeerTypePickerView.swift */,
				832351E92C8C7885008A7D1C /* RatingWeightageView.swift */,
				832351EB2C8C8CF0008A7D1C /* IconWithPopoverView.swift */,
				832351ED2C8CA576008A7D1C /* PeerListItemView.swift */,
				832351EF2C8CB152008A7D1C /* PeerTabView.swift */,
				832351F32C8D8196008A7D1C /* PeerDetailView.swift */,
				8306A14D2C95A0480062E14E /* PeerInstanceListView.swift */,
				838A38902C95DDEF00BE0381 /* EditPeerInstanceView.swift */,
				8316B0D12CA7C34300D4511E /* HomeView.swift */,
				8316B0D52CA7C40000D4511E /* PeerBannerView.swift */,
				8316B0D92CA7DD3A00D4511E /* ParentView.swift */,
				8316B1062CA969FB00D4511E /* PeerListView.swift */,
				83F773452CAAF35B0010ABFE /* PeerInstancesChartView.swift */,
				83F26A6F2CAD2538003933FF /* DataUnavailableView.swift */,
				83F26A752CAE7CF6003933FF /* AddPeerView.swift */,
				834254DF2CB11D9E00A696B2 /* Toggleview.swift */,
				837ED01E2CBA348400A6F0AE /* SettingsView.swift */,
				837ED03C2CBA608F00A6F0AE /* CustomShareSheetView.swift */,
				837ED03E2CBAA77100A6F0AE /* PopupView.swift */,
				837ED0402CBAB5FE00A6F0AE /* CircleDesignView.swift */,
				839052382CCD26DD00DCEE3B /* RegisterAccountView.swift */,
				8390523C2CD00CDE00DCEE3B /* PeerSelectorView.swift */,
				83790B2D2CDD026700C1C475 /* WarningTextView.swift */,
			);
			path = View;
			sourceTree = "<group>";
		};
		83954F002C82D624000D7492 /* ViewModel */ = {
			isa = PBXGroup;
			children = (
				832351E32C8C6B95008A7D1C /* EditPeerViewModel.swift */,
				83954F0F2C830D2F000D7492 /* ContentFileViewModel.swift */,
				832351DB2C8C0F9C008A7D1C /* PeerPhotoViewModel.swift */,
				832351F52C8D8248008A7D1C /* PeerDetailViewModel.swift */,
				832351F72C8DC9DC008A7D1C /* PeerListItemViewModel.swift */,
				832351F92C8DCD18008A7D1C /* PeerTabViewModel.swift */,
				8306A14F2C95A18F0062E14E /* PeerInstanceListViewModel.swift */,
				838A38922C95E1C700BE0381 /* EditPeerInstanceViewModel.swift */,
				8316B0D32CA7C36900D4511E /* HomeViewModel.swift */,
				8316B0D72CA7C42F00D4511E /* PeerBannerViewModel.swift */,
				8316B1082CA96A1600D4511E /* PeerListViewModel.swift */,
				83F773492CAAF6030010ABFE /* PeerInstancesChartViewModel.swift */,
				83F26A792CAE8019003933FF /* ParentViewModel.swift */,
				837ED0202CBA36E300A6F0AE /* SettingViewModel.swift */,
				8390523A2CCD271F00DCEE3B /* RegisterAccountViewModel.swift */,
				8390523E2CD2B42700DCEE3B /* PeerSelectorViewModel.swift */,
			);
			path = ViewModel;
			sourceTree = "<group>";
		};
		83954F012C82D62E000D7492 /* DataSource */ = {
			isa = PBXGroup;
			children = (
				83954F032C82D65B000D7492 /* PeerRankDataModel.xcdatamodeld */,
			);
			path = DataSource;
			sourceTree = "<group>";
		};
		83954F022C82D637000D7492 /* Utilities */ = {
			isa = PBXGroup;
			children = (
				83954F0B2C82DBBE000D7492 /* Enums.swift */,
				83954F0D2C830CE3000D7492 /* CoreDataHandler.swift */,
				832351E12C8C6A34008A7D1C /* CommonViews.swift */,
				832351E52C8C6E99008A7D1C /* ViewModifiers.swift */,
				832351E72C8C7045008A7D1C /* Constants.swift */,
				832351F12C8D7D7D008A7D1C /* LocalFileManager.swift */,
				83E2B5BD2CA030DE00928672 /* CommonFunctions.swift */,
				839052342CCBD59900DCEE3B /* CloudKitHandler.swift */,
			);
			path = Utilities;
			sourceTree = "<group>";
		};
		83954F062C82D88F000D7492 /* Model */ = {
			isa = PBXGroup;
			children = (
				83954F072C82D8DD000D7492 /* PeerModel.swift */,
				83954F092C82DB13000D7492 /* PeerInstanceModel.swift */,
				839052362CCBD6D700DCEE3B /* UserConfigModel.swift */,
				83790B2B2CDB7BAB00C1C475 /* RatedPeerModel.swift */,
			);
			path = Model;
			sourceTree = "<group>";
		};
/* End PBXGroup section */

/* Begin PBXNativeTarget section */
		83954EED2C82D612000D7492 /* PeerRank */ = {
			isa = PBXNativeTarget;
			buildConfigurationList = 83954EFC2C82D614000D7492 /* Build configuration list for PBXNativeTarget "PeerRank" */;
			buildPhases = (
				83954EEA2C82D612000D7492 /* Sources */,
				83954EEB2C82D612000D7492 /* Frameworks */,
				83954EEC2C82D612000D7492 /* Resources */,
				8316B0F42CA8572B00D4511E /* Embed Foundation Extensions */,
			);
			buildRules = (
			);
			dependencies = (
			);
			name = PeerRank;
			productName = PeerRank;
			productReference = 83954EEE2C82D612000D7492 /* PeerRank.app */;
			productType = "com.apple.product-type.application";
		};
/* End PBXNativeTarget section */

/* Begin PBXProject section */
		83954EE62C82D612000D7492 /* Project object */ = {
			isa = PBXProject;
			attributes = {
				BuildIndependentTargetsInParallel = 1;
				LastSwiftUpdateCheck = 1540;
				LastUpgradeCheck = 1540;
				TargetAttributes = {
					83954EED2C82D612000D7492 = {
						CreatedOnToolsVersion = 15.4;
					};
				};
			};
			buildConfigurationList = 83954EE92C82D612000D7492 /* Build configuration list for PBXProject "PeerRank" */;
			compatibilityVersion = "Xcode 14.0";
			developmentRegion = en;
			hasScannedForEncodings = 0;
			knownRegions = (
				en,
				Base,
			);
			mainGroup = 83954EE52C82D612000D7492;
			packageReferences = (
				83F26A6B2CAB1E85003933FF /* XCRemoteSwiftPackageReference "ChartView" */,
			);
			productRefGroup = 83954EEF2C82D612000D7492 /* Products */;
			projectDirPath = "";
			projectRoot = "";
			targets = (
				83954EED2C82D612000D7492 /* PeerRank */,
			);
		};
/* End PBXProject section */

/* Begin PBXResourcesBuildPhase section */
		83954EEC2C82D612000D7492 /* Resources */ = {
			isa = PBXResourcesBuildPhase;
			buildActionMask = 2147483647;
			files = (
				83954EF92C82D614000D7492 /* Preview Assets.xcassets in Resources */,
				834254E22CB17B1300A696B2 /* PeerRankLaunchScreen.storyboard in Resources */,
				83954EF62C82D614000D7492 /* Assets.xcassets in Resources */,
				83CB1C252CBC2D9100EB5E0C /* image.png in Resources */,
			);
			runOnlyForDeploymentPostprocessing = 0;
		};
/* End PBXResourcesBuildPhase section */

/* Begin PBXSourcesBuildPhase section */
		83954EEA2C82D612000D7492 /* Sources */ = {
			isa = PBXSourcesBuildPhase;
			buildActionMask = 2147483647;
			files = (
				837ED03F2CBAA77100A6F0AE /* PopupView.swift in Sources */,
				83F773462CAAF35B0010ABFE /* PeerInstancesChartView.swift in Sources */,
				837ED01F2CBA348400A6F0AE /* SettingsView.swift in Sources */,
				837ED0212CBA36E300A6F0AE /* SettingViewModel.swift in Sources */,
				83954F0E2C830CE3000D7492 /* CoreDataHandler.swift in Sources */,
				8316B0D42CA7C36900D4511E /* HomeViewModel.swift in Sources */,
				839052372CCBD6D700DCEE3B /* UserConfigModel.swift in Sources */,
				832351F22C8D7D7D008A7D1C /* LocalFileManager.swift in Sources */,
				832351F82C8DC9DC008A7D1C /* PeerListItemViewModel.swift in Sources */,
				837ED03D2CBA608F00A6F0AE /* CustomShareSheetView.swift in Sources */,
				839052352CCBD59900DCEE3B /* CloudKitHandler.swift in Sources */,
				83790B2C2CDB7BAC00C1C475 /* RatedPeerModel.swift in Sources */,
				8316B1042CA87EA100D4511E /* WidgetView.swift in Sources */,
				8316B0DA2CA7DD3A00D4511E /* ParentView.swift in Sources */,
				832351E82C8C7045008A7D1C /* Constants.swift in Sources */,
				83F7734A2CAAF6030010ABFE /* PeerInstancesChartViewModel.swift in Sources */,
				832351E22C8C6A34008A7D1C /* CommonViews.swift in Sources */,
				8306A14E2C95A0480062E14E /* PeerInstanceListView.swift in Sources */,
				83F26A762CAE7CF6003933FF /* AddPeerView.swift in Sources */,
				83F26A702CAD2538003933FF /* DataUnavailableView.swift in Sources */,
				83790B2E2CDD026700C1C475 /* WarningTextView.swift in Sources */,
				83954F052C82D65B000D7492 /* PeerRankDataModel.xcdatamodeld in Sources */,
				8306A1502C95A18F0062E14E /* PeerInstanceListViewModel.swift in Sources */,
				83954EF42C82D612000D7492 /* ContentView.swift in Sources */,
				839052392CCD26DD00DCEE3B /* RegisterAccountView.swift in Sources */,
				832351EC2C8C8CF0008A7D1C /* IconWithPopoverView.swift in Sources */,
				832351DE2C8C3D3A008A7D1C /* RatingView.swift in Sources */,
				8316B0D62CA7C40000D4511E /* PeerBannerView.swift in Sources */,
				838A38932C95E1C700BE0381 /* EditPeerInstanceViewModel.swift in Sources */,
				832351F42C8D8196008A7D1C /* PeerDetailView.swift in Sources */,
				8316B0D22CA7C34300D4511E /* HomeView.swift in Sources */,
				838A38912C95DDEF00BE0381 /* EditPeerInstanceView.swift in Sources */,
				83954F0A2C82DB13000D7492 /* PeerInstanceModel.swift in Sources */,
				832351D82C8C0B8C008A7D1C /* EditPeerView.swift in Sources */,
				832351F02C8CB152008A7D1C /* PeerTabView.swift in Sources */,
				832351E42C8C6B96008A7D1C /* EditPeerViewModel.swift in Sources */,
				832351DC2C8C0F9C008A7D1C /* PeerPhotoViewModel.swift in Sources */,
				83954F102C830D2F000D7492 /* ContentFileViewModel.swift in Sources */,
				832351E02C8C3E92008A7D1C /* PeerTypePickerView.swift in Sources */,
				8390523D2CD00CDE00DCEE3B /* PeerSelectorView.swift in Sources */,
				8390523F2CD2B42700DCEE3B /* PeerSelectorViewModel.swift in Sources */,
				832351E62C8C6E99008A7D1C /* ViewModifiers.swift in Sources */,
				832351EA2C8C7885008A7D1C /* RatingWeightageView.swift in Sources */,
				8390523B2CCD271F00DCEE3B /* RegisterAccountViewModel.swift in Sources */,
				832351EE2C8CA576008A7D1C /* PeerListItemView.swift in Sources */,
				8316B0D82CA7C42F00D4511E /* PeerBannerViewModel.swift in Sources */,
				83F26A7A2CAE8019003933FF /* ParentViewModel.swift in Sources */,
				8316B1072CA969FC00D4511E /* PeerListView.swift in Sources */,
				837ED0412CBAB5FE00A6F0AE /* CircleDesignView.swift in Sources */,
				832351FA2C8DCD18008A7D1C /* PeerTabViewModel.swift in Sources */,
				83954EF22C82D612000D7492 /* PeerRankApp.swift in Sources */,
				8316B1092CA96A1600D4511E /* PeerListViewModel.swift in Sources */,
				834254E02CB11D9E00A696B2 /* Toggleview.swift in Sources */,
				832351DA2C8C0F41008A7D1C /* PeerPhotoView.swift in Sources */,
				83954F0C2C82DBBE000D7492 /* Enums.swift in Sources */,
				83E2B5BE2CA030DE00928672 /* CommonFunctions.swift in Sources */,
				83954F082C82D8DD000D7492 /* PeerModel.swift in Sources */,
				832351F62C8D8248008A7D1C /* PeerDetailViewModel.swift in Sources */,
			);
			runOnlyForDeploymentPostprocessing = 0;
		};
/* End PBXSourcesBuildPhase section */

/* Begin XCBuildConfiguration section */
		83954EFA2C82D614000D7492 /* Debug */ = {
			isa = XCBuildConfiguration;
			buildSettings = {
				ALWAYS_SEARCH_USER_PATHS = NO;
				ASSETCATALOG_COMPILER_GENERATE_SWIFT_ASSET_SYMBOL_EXTENSIONS = YES;
				CLANG_ANALYZER_NONNULL = YES;
				CLANG_ANALYZER_NUMBER_OBJECT_CONVERSION = YES_AGGRESSIVE;
				CLANG_CXX_LANGUAGE_STANDARD = "gnu++20";
				CLANG_ENABLE_MODULES = YES;
				CLANG_ENABLE_OBJC_ARC = YES;
				CLANG_ENABLE_OBJC_WEAK = YES;
				CLANG_WARN_BLOCK_CAPTURE_AUTORELEASING = YES;
				CLANG_WARN_BOOL_CONVERSION = YES;
				CLANG_WARN_COMMA = YES;
				CLANG_WARN_CONSTANT_CONVERSION = YES;
				CLANG_WARN_DEPRECATED_OBJC_IMPLEMENTATIONS = YES;
				CLANG_WARN_DIRECT_OBJC_ISA_USAGE = YES_ERROR;
				CLANG_WARN_DOCUMENTATION_COMMENTS = YES;
				CLANG_WARN_EMPTY_BODY = YES;
				CLANG_WARN_ENUM_CONVERSION = YES;
				CLANG_WARN_INFINITE_RECURSION = YES;
				CLANG_WARN_INT_CONVERSION = YES;
				CLANG_WARN_NON_LITERAL_NULL_CONVERSION = YES;
				CLANG_WARN_OBJC_IMPLICIT_RETAIN_SELF = YES;
				CLANG_WARN_OBJC_LITERAL_CONVERSION = YES;
				CLANG_WARN_OBJC_ROOT_CLASS = YES_ERROR;
				CLANG_WARN_QUOTED_INCLUDE_IN_FRAMEWORK_HEADER = YES;
				CLANG_WARN_RANGE_LOOP_ANALYSIS = YES;
				CLANG_WARN_STRICT_PROTOTYPES = YES;
				CLANG_WARN_SUSPICIOUS_MOVE = YES;
				CLANG_WARN_UNGUARDED_AVAILABILITY = YES_AGGRESSIVE;
				CLANG_WARN_UNREACHABLE_CODE = YES;
				CLANG_WARN__DUPLICATE_METHOD_MATCH = YES;
				COPY_PHASE_STRIP = NO;
				DEBUG_INFORMATION_FORMAT = dwarf;
				ENABLE_STRICT_OBJC_MSGSEND = YES;
				ENABLE_TESTABILITY = YES;
				ENABLE_USER_SCRIPT_SANDBOXING = YES;
				GCC_C_LANGUAGE_STANDARD = gnu17;
				GCC_DYNAMIC_NO_PIC = NO;
				GCC_NO_COMMON_BLOCKS = YES;
				GCC_OPTIMIZATION_LEVEL = 0;
				GCC_PREPROCESSOR_DEFINITIONS = (
					"DEBUG=1",
					"$(inherited)",
				);
				GCC_WARN_64_TO_32_BIT_CONVERSION = YES;
				GCC_WARN_ABOUT_RETURN_TYPE = YES_ERROR;
				GCC_WARN_UNDECLARED_SELECTOR = YES;
				GCC_WARN_UNINITIALIZED_AUTOS = YES_AGGRESSIVE;
				GCC_WARN_UNUSED_FUNCTION = YES;
				GCC_WARN_UNUSED_VARIABLE = YES;
				IPHONEOS_DEPLOYMENT_TARGET = 17.6;
				LOCALIZATION_PREFERS_STRING_CATALOGS = YES;
				MTL_ENABLE_DEBUG_INFO = INCLUDE_SOURCE;
				MTL_FAST_MATH = YES;
				ONLY_ACTIVE_ARCH = YES;
				SDKROOT = iphoneos;
				SWIFT_ACTIVE_COMPILATION_CONDITIONS = "DEBUG $(inherited)";
				SWIFT_OPTIMIZATION_LEVEL = "-Onone";
			};
			name = Debug;
		};
		83954EFB2C82D614000D7492 /* Release */ = {
			isa = XCBuildConfiguration;
			buildSettings = {
				ALWAYS_SEARCH_USER_PATHS = NO;
				ASSETCATALOG_COMPILER_GENERATE_SWIFT_ASSET_SYMBOL_EXTENSIONS = YES;
				CLANG_ANALYZER_NONNULL = YES;
				CLANG_ANALYZER_NUMBER_OBJECT_CONVERSION = YES_AGGRESSIVE;
				CLANG_CXX_LANGUAGE_STANDARD = "gnu++20";
				CLANG_ENABLE_MODULES = YES;
				CLANG_ENABLE_OBJC_ARC = YES;
				CLANG_ENABLE_OBJC_WEAK = YES;
				CLANG_WARN_BLOCK_CAPTURE_AUTORELEASING = YES;
				CLANG_WARN_BOOL_CONVERSION = YES;
				CLANG_WARN_COMMA = YES;
				CLANG_WARN_CONSTANT_CONVERSION = YES;
				CLANG_WARN_DEPRECATED_OBJC_IMPLEMENTATIONS = YES;
				CLANG_WARN_DIRECT_OBJC_ISA_USAGE = YES_ERROR;
				CLANG_WARN_DOCUMENTATION_COMMENTS = YES;
				CLANG_WARN_EMPTY_BODY = YES;
				CLANG_WARN_ENUM_CONVERSION = YES;
				CLANG_WARN_INFINITE_RECURSION = YES;
				CLANG_WARN_INT_CONVERSION = YES;
				CLANG_WARN_NON_LITERAL_NULL_CONVERSION = YES;
				CLANG_WARN_OBJC_IMPLICIT_RETAIN_SELF = YES;
				CLANG_WARN_OBJC_LITERAL_CONVERSION = YES;
				CLANG_WARN_OBJC_ROOT_CLASS = YES_ERROR;
				CLANG_WARN_QUOTED_INCLUDE_IN_FRAMEWORK_HEADER = YES;
				CLANG_WARN_RANGE_LOOP_ANALYSIS = YES;
				CLANG_WARN_STRICT_PROTOTYPES = YES;
				CLANG_WARN_SUSPICIOUS_MOVE = YES;
				CLANG_WARN_UNGUARDED_AVAILABILITY = YES_AGGRESSIVE;
				CLANG_WARN_UNREACHABLE_CODE = YES;
				CLANG_WARN__DUPLICATE_METHOD_MATCH = YES;
				COPY_PHASE_STRIP = NO;
				DEBUG_INFORMATION_FORMAT = "dwarf-with-dsym";
				ENABLE_NS_ASSERTIONS = NO;
				ENABLE_STRICT_OBJC_MSGSEND = YES;
				ENABLE_USER_SCRIPT_SANDBOXING = YES;
				GCC_C_LANGUAGE_STANDARD = gnu17;
				GCC_NO_COMMON_BLOCKS = YES;
				GCC_WARN_64_TO_32_BIT_CONVERSION = YES;
				GCC_WARN_ABOUT_RETURN_TYPE = YES_ERROR;
				GCC_WARN_UNDECLARED_SELECTOR = YES;
				GCC_WARN_UNINITIALIZED_AUTOS = YES_AGGRESSIVE;
				GCC_WARN_UNUSED_FUNCTION = YES;
				GCC_WARN_UNUSED_VARIABLE = YES;
				IPHONEOS_DEPLOYMENT_TARGET = 17.6;
				LOCALIZATION_PREFERS_STRING_CATALOGS = YES;
				MTL_ENABLE_DEBUG_INFO = NO;
				MTL_FAST_MATH = YES;
				SDKROOT = iphoneos;
				SWIFT_COMPILATION_MODE = wholemodule;
				VALIDATE_PRODUCT = YES;
			};
			name = Release;
		};
		83954EFD2C82D614000D7492 /* Debug */ = {
			isa = XCBuildConfiguration;
			buildSettings = {
				ALWAYS_EMBED_SWIFT_STANDARD_LIBRARIES = YES;
				ASSETCATALOG_COMPILER_APPICON_NAME = AppIcon;
				ASSETCATALOG_COMPILER_GLOBAL_ACCENT_COLOR_NAME = AccentColor;
				ASSETCATALOG_COMPILER_INCLUDE_ALL_APPICON_ASSETS = NO;
				CODE_SIGN_ENTITLEMENTS = PeerRank/PeerRank.entitlements;
				CODE_SIGN_IDENTITY = "Apple Development";
				CODE_SIGN_STYLE = Automatic;
				CURRENT_PROJECT_VERSION = 1;
				DEVELOPMENT_ASSET_PATHS = "\"PeerRank/Preview Content\"";
				DEVELOPMENT_TEAM = Z6F6N3ADPX;
				ENABLE_PREVIEWS = YES;
				GENERATE_INFOPLIST_FILE = YES;
				INFOPLIST_FILE = PeerRank/Info.plist;
				INFOPLIST_KEY_CFBundleDisplayName = "Peer Rank";
				INFOPLIST_KEY_LSApplicationCategoryType = "public.app-category.utilities";
				INFOPLIST_KEY_NSFaceIDUsageDescription = "Authentication for locked Peers.";
				INFOPLIST_KEY_UIApplicationSceneManifest_Generation = YES;
				INFOPLIST_KEY_UIApplicationSupportsIndirectInputEvents = YES;
				INFOPLIST_KEY_UILaunchStoryboardName = PeerRankLaunchScreen;
				INFOPLIST_KEY_UISupportedInterfaceOrientations = UIInterfaceOrientationPortrait;
				INFOPLIST_KEY_UISupportedInterfaceOrientations_iPad = "UIInterfaceOrientationLandscapeLeft UIInterfaceOrientationLandscapeRight UIInterfaceOrientationPortrait UIInterfaceOrientationPortraitUpsideDown";
				IPHONEOS_DEPLOYMENT_TARGET = 17.0;
				LD_RUNPATH_SEARCH_PATHS = (
					"$(inherited)",
					"@executable_path/Frameworks",
				);
				MARKETING_VERSION = 1.0;
				PRODUCT_BUNDLE_IDENTIFIER = "com.ratRaceParticipant.Peer-Rank";
				PRODUCT_NAME = "$(TARGET_NAME)";
				PROVISIONING_PROFILE_SPECIFIER = "";
				SUPPORTED_PLATFORMS = "iphoneos iphonesimulator";
				SUPPORTS_MACCATALYST = NO;
				SUPPORTS_XR_DESIGNED_FOR_IPHONE_IPAD = NO;
				SWIFT_EMIT_LOC_STRINGS = YES;
				SWIFT_VERSION = 5.0;
				TARGETED_DEVICE_FAMILY = 1;
			};
			name = Debug;
		};
		83954EFE2C82D614000D7492 /* Release */ = {
			isa = XCBuildConfiguration;
			buildSettings = {
				ALWAYS_EMBED_SWIFT_STANDARD_LIBRARIES = YES;
				ASSETCATALOG_COMPILER_APPICON_NAME = AppIcon;
				ASSETCATALOG_COMPILER_GLOBAL_ACCENT_COLOR_NAME = AccentColor;
				ASSETCATALOG_COMPILER_INCLUDE_ALL_APPICON_ASSETS = NO;
				CODE_SIGN_ENTITLEMENTS = PeerRank/PeerRank.entitlements;
				CODE_SIGN_IDENTITY = "Apple Development";
				CODE_SIGN_STYLE = Automatic;
				CURRENT_PROJECT_VERSION = 1;
				DEVELOPMENT_ASSET_PATHS = "\"PeerRank/Preview Content\"";
				DEVELOPMENT_TEAM = Z6F6N3ADPX;
				ENABLE_PREVIEWS = YES;
				GENERATE_INFOPLIST_FILE = YES;
				INFOPLIST_FILE = PeerRank/Info.plist;
				INFOPLIST_KEY_CFBundleDisplayName = "Peer Rank";
				INFOPLIST_KEY_LSApplicationCategoryType = "public.app-category.utilities";
				INFOPLIST_KEY_NSFaceIDUsageDescription = "Authentication for locked Peers.";
				INFOPLIST_KEY_UIApplicationSceneManifest_Generation = YES;
				INFOPLIST_KEY_UIApplicationSupportsIndirectInputEvents = YES;
				INFOPLIST_KEY_UILaunchStoryboardName = PeerRankLaunchScreen;
				INFOPLIST_KEY_UISupportedInterfaceOrientations = UIInterfaceOrientationPortrait;
				INFOPLIST_KEY_UISupportedInterfaceOrientations_iPad = "UIInterfaceOrientationLandscapeLeft UIInterfaceOrientationLandscapeRight UIInterfaceOrientationPortrait UIInterfaceOrientationPortraitUpsideDown";
				IPHONEOS_DEPLOYMENT_TARGET = 17.0;
				LD_RUNPATH_SEARCH_PATHS = (
					"$(inherited)",
					"@executable_path/Frameworks",
				);
				MARKETING_VERSION = 1.0;
				PRODUCT_BUNDLE_IDENTIFIER = "com.ratRaceParticipant.Peer-Rank";
				PRODUCT_NAME = "$(TARGET_NAME)";
				PROVISIONING_PROFILE_SPECIFIER = "";
				SUPPORTED_PLATFORMS = "iphoneos iphonesimulator";
				SUPPORTS_MACCATALYST = NO;
				SUPPORTS_XR_DESIGNED_FOR_IPHONE_IPAD = NO;
				SWIFT_EMIT_LOC_STRINGS = YES;
				SWIFT_VERSION = 5.0;
				TARGETED_DEVICE_FAMILY = 1;
			};
			name = Release;
		};
/* End XCBuildConfiguration section */

/* Begin XCConfigurationList section */
		83954EE92C82D612000D7492 /* Build configuration list for PBXProject "PeerRank" */ = {
			isa = XCConfigurationList;
			buildConfigurations = (
				83954EFA2C82D614000D7492 /* Debug */,
				83954EFB2C82D614000D7492 /* Release */,
			);
			defaultConfigurationIsVisible = 0;
			defaultConfigurationName = Release;
		};
		83954EFC2C82D614000D7492 /* Build configuration list for PBXNativeTarget "PeerRank" */ = {
			isa = XCConfigurationList;
			buildConfigurations = (
				83954EFD2C82D614000D7492 /* Debug */,
				83954EFE2C82D614000D7492 /* Release */,
			);
			defaultConfigurationIsVisible = 0;
			defaultConfigurationName = Release;
		};
/* End XCConfigurationList section */

/* Begin XCRemoteSwiftPackageReference section */
		83F26A6B2CAB1E85003933FF /* XCRemoteSwiftPackageReference "ChartView" */ = {
			isa = XCRemoteSwiftPackageReference;
			repositoryURL = "https://github.com/AppPear/ChartView";
			requirement = {
				kind = upToNextMajorVersion;
				minimumVersion = 1.5.5;
			};
		};
/* End XCRemoteSwiftPackageReference section */

/* Begin XCSwiftPackageProductDependency section */
		83F26A6C2CAB1E85003933FF /* SwiftUICharts */ = {
			isa = XCSwiftPackageProductDependency;
			package = 83F26A6B2CAB1E85003933FF /* XCRemoteSwiftPackageReference "ChartView" */;
			productName = SwiftUICharts;
		};
/* End XCSwiftPackageProductDependency section */

/* Begin XCVersionGroup section */
		83954F032C82D65B000D7492 /* PeerRankDataModel.xcdatamodeld */ = {
			isa = XCVersionGroup;
			children = (
				83954F042C82D65B000D7492 /* PeerRankDataModel.xcdatamodel */,
			);
			currentVersion = 83954F042C82D65B000D7492 /* PeerRankDataModel.xcdatamodel */;
			name = PeerRankDataModel.xcdatamodeld;
			path = /Users/himanshukaramchandani/Projects/PeerRank/PeerRank/DataSource/PeerRankDataModel.xcdatamodeld;
			sourceTree = "<group>";
			versionGroupType = wrapper.xcdatamodel;
		};
/* End XCVersionGroup section */
	};
	rootObject = 83954EE62C82D612000D7492 /* Project object */;
}
